
Microsoft Visual Studio Solution File, Format Version 12.00
# Visual Studio Version 17
VisualStudioVersion = 17.0.31903.59
MinimumVisualStudioVersion = 10.0.40219.1
Project("{FAE04EC0-301F-11D3-BF4B-00C04F79EFBC}") = "FirstHourLibrary", "FirstHourLibrary\FirstHourLibrary.csproj", "{F23DB9CE-A531-4582-980C-CB45773A0BFF}"
EndProject
Project("{FAE04EC0-301F-11D3-BF4B-00C04F79EFBC}") = "FirstHourLibrary.Tests", "FirstHourLibrary.Tests\FirstHourLibrary.Tests.csproj", "{4E3B03A3-B47E-445F-B700-E0F5C264D587}"
EndProject
Global
	GlobalSection(SolutionConfigurationPlatforms) = preSolution
		Debug|Any CPU = Debug|Any CPU
		Release|Any CPU = Release|Any CPU
	EndGlobalSection
	GlobalSection(SolutionProperties) = preSolution
		HideSolutionNode = FALSE
	EndGlobalSection
	GlobalSection(ProjectConfigurationPlatforms) = postSolution
		{F23DB9CE-A531-4582-980C-CB45773A0BFF}.Debug|Any CPU.ActiveCfg = Debug|Any CPU
		{F23DB9CE-A531-4582-980C-CB45773A0BFF}.Debug|Any CPU.Build.0 = Debug|Any CPU
		{F23DB9CE-A531-4582-980C-CB45773A0BFF}.Release|Any CPU.ActiveCfg = Release|Any CPU
		{F23DB9CE-A531-4582-980C-CB45773A0BFF}.Release|Any CPU.Build.0 = Release|Any CPU
		{4E3B03A3-B47E-445F-B700-E0F5C264D587}.Debug|Any CPU.ActiveCfg = Debug|Any CPU
		{4E3B03A3-B47E-445F-B700-E0F5C264D587}.Debug|Any CPU.Build.0 = Debug|Any CPU
		{4E3B03A3-B47E-445F-B700-E0F5C264D587}.Release|Any CPU.ActiveCfg = Release|Any CPU
		{4E3B03A3-B47E-445F-B700-E0F5C264D587}.Release|Any CPU.Build.0 = Release|Any CPU
	EndGlobalSection
EndGlobal
